// !$*UTF8*$!
{
	archiveVersion = 1;
	classes = {
	};
	objectVersion = 55;
	objects = {

/* Begin PBXBuildFile section */
		2BA0794B28815B4900432B8A /* GenericNode.m in Sources */ = {isa = PBXBuildFile; fileRef = 2BA0794A28815B4900432B8A /* GenericNode.m */; };
		2BA0794E28815BD000432B8A /* GenericNodeMain.m in Sources */ = {isa = PBXBuildFile; fileRef = 2BA0794D28815BD000432B8A /* GenericNodeMain.m */; };
/* End PBXBuildFile section */

/* Begin PBXCopyFilesBuildPhase section */
		2BA6E3A3287B433A002D4ED6 /* CopyFiles */ = {
			isa = PBXCopyFilesBuildPhase;
			buildActionMask = 2147483647;
			dstPath = /usr/share/man/man1/;
			dstSubfolderSpec = 0;
			files = (
			);
			runOnlyForDeploymentPostprocessing = 1;
		};
/* End PBXCopyFilesBuildPhase section */

/* Begin PBXFileReference section */
		2BA0794928815B4900432B8A /* GenericNode.h */ = {isa = PBXFileReference; lastKnownFileType = sourcecode.c.h; path = GenericNode.h; sourceTree = "<group>"; };
		2BA0794A28815B4900432B8A /* GenericNode.m */ = {isa = PBXFileReference; lastKnownFileType = sourcecode.c.objc; path = GenericNode.m; sourceTree = "<group>"; };
		2BA0794D28815BD000432B8A /* GenericNodeMain.m */ = {isa = PBXFileReference; lastKnownFileType = sourcecode.c.objc; path = GenericNodeMain.m; sourceTree = "<group>"; };
		2BA6E3A5287B433A002D4ED6 /* oc-learn */ = {isa = PBXFileReference; explicitFileType = "compiled.mach-o.executable"; includeInIndex = 0; path = "oc-learn"; sourceTree = BUILT_PRODUCTS_DIR; };
		2BA6E3A8287B433A002D4ED6 /* main.m */ = {isa = PBXFileReference; lastKnownFileType = sourcecode.c.objc; path = main.m; sourceTree = "<group>"; };
		2BA6E3B7287B4663002D4ED6 /* block.m */ = {isa = PBXFileReference; fileEncoding = 4; lastKnownFileType = sourcecode.c.objc; path = block.m; sourceTree = "<group>"; };
		2BA6E3B9287B4663002D4ED6 /* io.m */ = {isa = PBXFileReference; fileEncoding = 4; lastKnownFileType = sourcecode.c.objc; path = io.m; sourceTree = "<group>"; };
		2BA6E3BB287B4663002D4ED6 /* enum.m */ = {isa = PBXFileReference; fileEncoding = 4; lastKnownFileType = sourcecode.c.objc; path = enum.m; sourceTree = "<group>"; };
		2BA6E3BD287B4663002D4ED6 /* macro.m */ = {isa = PBXFileReference; fileEncoding = 4; lastKnownFileType = sourcecode.c.objc; path = macro.m; sourceTree = "<group>"; };
		2BA6E3C2287B4663002D4ED6 /* dictionary.m */ = {isa = PBXFileReference; fileEncoding = 4; lastKnownFileType = sourcecode.c.objc; path = dictionary.m; sourceTree = "<group>"; };
		2BA6E3C4287B4663002D4ED6 /* array.m */ = {isa = PBXFileReference; fileEncoding = 4; lastKnownFileType = sourcecode.c.objc; path = array.m; sourceTree = "<group>"; };
		2BA6E3C6287B4663002D4ED6 /* number.m */ = {isa = PBXFileReference; fileEncoding = 4; lastKnownFileType = sourcecode.c.objc; path = number.m; sourceTree = "<group>"; };
		2BA6E3C8287B4663002D4ED6 /* files.m */ = {isa = PBXFileReference; fileEncoding = 4; lastKnownFileType = sourcecode.c.objc; path = files.m; sourceTree = "<group>"; };
		2BA6E3CA287B4663002D4ED6 /* string.m */ = {isa = PBXFileReference; fileEncoding = 4; lastKnownFileType = sourcecode.c.objc; path = string.m; sourceTree = "<group>"; };
		2BA6E3CC287B4663002D4ED6 /* set.m */ = {isa = PBXFileReference; fileEncoding = 4; lastKnownFileType = sourcecode.c.objc; path = set.m; sourceTree = "<group>"; };
		2BA6E3CF287B4663002D4ED6 /* copy-main.m */ = {isa = PBXFileReference; fileEncoding = 4; lastKnownFileType = sourcecode.c.objc; path = "copy-main.m"; sourceTree = "<group>"; };
		2BA6E3D1287B4664002D4ED6 /* Copying.h */ = {isa = PBXFileReference; fileEncoding = 4; lastKnownFileType = sourcecode.c.h; path = Copying.h; sourceTree = "<group>"; };
		2BA6E3D2287B4664002D4ED6 /* CopyNode.m */ = {isa = PBXFileReference; fileEncoding = 4; lastKnownFileType = sourcecode.c.objc; path = CopyNode.m; sourceTree = "<group>"; };
		2BA6E3D3287B4664002D4ED6 /* Node.h */ = {isa = PBXFileReference; fileEncoding = 4; lastKnownFileType = sourcecode.c.h; path = Node.h; sourceTree = "<group>"; };
		2BA6E3D4287B4664002D4ED6 /* Node.m */ = {isa = PBXFileReference; fileEncoding = 4; lastKnownFileType = sourcecode.c.objc; path = Node.m; sourceTree = "<group>"; };
		2BA6E3D5287B4664002D4ED6 /* CopyNode.h */ = {isa = PBXFileReference; fileEncoding = 4; lastKnownFileType = sourcecode.c.h; path = CopyNode.h; sourceTree = "<group>"; };
		2BA6E3D6287B4664002D4ED6 /* ExCopy.h */ = {isa = PBXFileReference; fileEncoding = 4; lastKnownFileType = sourcecode.c.h; path = ExCopy.h; sourceTree = "<group>"; };
		2BA6E3D9287B4664002D4ED6 /* IntNode.m */ = {isa = PBXFileReference; fileEncoding = 4; lastKnownFileType = sourcecode.c.objc; path = IntNode.m; sourceTree = "<group>"; };
		2BA6E3DA287B4664002D4ED6 /* Node.h */ = {isa = PBXFileReference; fileEncoding = 4; lastKnownFileType = sourcecode.c.h; path = Node.h; sourceTree = "<group>"; };
		2BA6E3DB287B4664002D4ED6 /* IntNode.h */ = {isa = PBXFileReference; fileEncoding = 4; lastKnownFileType = sourcecode.c.h; path = IntNode.h; sourceTree = "<group>"; };
		2BA6E3DC287B4664002D4ED6 /* Node.m */ = {isa = PBXFileReference; fileEncoding = 4; lastKnownFileType = sourcecode.c.objc; path = Node.m; sourceTree = "<group>"; };
		2BA6E3DD287B4664002D4ED6 /* int-main.m */ = {isa = PBXFileReference; fileEncoding = 4; lastKnownFileType = sourcecode.c.objc; path = "int-main.m"; sourceTree = "<group>"; };
		2BA6E3DF287B4664002D4ED6 /* tree-main.m */ = {isa = PBXFileReference; fileEncoding = 4; lastKnownFileType = sourcecode.c.objc; path = "tree-main.m"; sourceTree = "<group>"; };
		2BA6E3E1287B4664002D4ED6 /* TreeNode.m */ = {isa = PBXFileReference; fileEncoding = 4; lastKnownFileType = sourcecode.c.objc; path = TreeNode.m; sourceTree = "<group>"; };
		2BA6E3E2287B4664002D4ED6 /* Node.h */ = {isa = PBXFileReference; fileEncoding = 4; lastKnownFileType = sourcecode.c.h; path = Node.h; sourceTree = "<group>"; };
		2BA6E3E3287B4664002D4ED6 /* TreeNode.h */ = {isa = PBXFileReference; fileEncoding = 4; lastKnownFileType = sourcecode.c.h; path = TreeNode.h; sourceTree = "<group>"; };
		2BA6E3E4287B4664002D4ED6 /* Node.m */ = {isa = PBXFileReference; fileEncoding = 4; lastKnownFileType = sourcecode.c.objc; path = Node.m; sourceTree = "<group>"; };
		2BA6E3E6287B4664002D4ED6 /* node-main.m */ = {isa = PBXFileReference; fileEncoding = 4; lastKnownFileType = sourcecode.c.objc; path = "node-main.m"; sourceTree = "<group>"; };
		2BA6E3E8287B4664002D4ED6 /* Node.h */ = {isa = PBXFileReference; fileEncoding = 4; lastKnownFileType = sourcecode.c.h; path = Node.h; sourceTree = "<group>"; };
		2BA6E3E9287B4664002D4ED6 /* Node.m */ = {isa = PBXFileReference; fileEncoding = 4; lastKnownFileType = sourcecode.c.objc; path = Node.m; sourceTree = "<group>"; };
/* End PBXFileReference section */

/* Begin PBXFrameworksBuildPhase section */
		2BA6E3A2287B433A002D4ED6 /* Frameworks */ = {
			isa = PBXFrameworksBuildPhase;
			buildActionMask = 2147483647;
			files = (
			);
			runOnlyForDeploymentPostprocessing = 0;
		};
/* End PBXFrameworksBuildPhase section */

/* Begin PBXGroup section */
		2BA0794828815B2300432B8A /* GenericNode(generic) */ = {
			isa = PBXGroup;
			children = (
				2BA0794C28815B5F00432B8A /* lib */,
				2BA0794D28815BD000432B8A /* GenericNodeMain.m */,
			);
			path = "GenericNode(generic)";
			sourceTree = "<group>";
		};
		2BA0794C28815B5F00432B8A /* lib */ = {
			isa = PBXGroup;
			children = (
				2BA0794928815B4900432B8A /* GenericNode.h */,
				2BA0794A28815B4900432B8A /* GenericNode.m */,
			);
			path = lib;
			sourceTree = "<group>";
		};
		2BA6E39C287B433A002D4ED6 = {
			isa = PBXGroup;
			children = (
				2BA6E3B4287B4663002D4ED6 /* obj-c-learn */,
				2BA6E3A7287B433A002D4ED6 /* oc-learn */,
				2BA6E3A6287B433A002D4ED6 /* Products */,
			);
			sourceTree = "<group>";
		};
		2BA6E3A6287B433A002D4ED6 /* Products */ = {
			isa = PBXGroup;
			children = (
				2BA6E3A5287B433A002D4ED6 /* oc-learn */,
			);
			name = Products;
			sourceTree = "<group>";
		};
		2BA6E3A7287B433A002D4ED6 /* oc-learn */ = {
			isa = PBXGroup;
			children = (
				2BA6E3A8287B433A002D4ED6 /* main.m */,
			);
			path = "oc-learn";
			sourceTree = "<group>";
		};
		2BA6E3B4287B4663002D4ED6 /* obj-c-learn */ = {
			isa = PBXGroup;
			children = (
				2BA6E3B5287B4663002D4ED6 /* basic */,
				2BA6E3BE287B4663002D4ED6 /* memory-management */,
				2BA6E3C0287B4663002D4ED6 /* foundation-learn */,
				2BA6E3CD287B4663002D4ED6 /* class-learn */,
			);
			path = "obj-c-learn";
			sourceTree = "<group>";
		};
		2BA6E3B5287B4663002D4ED6 /* basic */ = {
			isa = PBXGroup;
			children = (
				2BA6E3B6287B4663002D4ED6 /* block-learn */,
				2BA6E3B8287B4663002D4ED6 /* IO */,
				2BA6E3BA287B4663002D4ED6 /* enum-learn */,
				2BA6E3BC287B4663002D4ED6 /* macro-learn */,
			);
			path = basic;
			sourceTree = "<group>";
		};
		2BA6E3B6287B4663002D4ED6 /* block-learn */ = {
			isa = PBXGroup;
			children = (
				2BA6E3B7287B4663002D4ED6 /* block.m */,
			);
			path = "block-learn";
			sourceTree = "<group>";
		};
		2BA6E3B8287B4663002D4ED6 /* IO */ = {
			isa = PBXGroup;
			children = (
				2BA6E3B9287B4663002D4ED6 /* io.m */,
			);
			path = IO;
			sourceTree = "<group>";
		};
		2BA6E3BA287B4663002D4ED6 /* enum-learn */ = {
			isa = PBXGroup;
			children = (
				2BA6E3BB287B4663002D4ED6 /* enum.m */,
			);
			path = "enum-learn";
			sourceTree = "<group>";
		};
		2BA6E3BC287B4663002D4ED6 /* macro-learn */ = {
			isa = PBXGroup;
			children = (
				2BA6E3BD287B4663002D4ED6 /* macro.m */,
			);
			path = "macro-learn";
			sourceTree = "<group>";
		};
		2BA6E3BE287B4663002D4ED6 /* memory-management */ = {
			isa = PBXGroup;
			children = (
				2BA6E3BF287B4663002D4ED6 /* lib */,
			);
			path = "memory-management";
			sourceTree = "<group>";
		};
		2BA6E3BF287B4663002D4ED6 /* lib */ = {
			isa = PBXGroup;
			children = (
			);
			path = lib;
			sourceTree = "<group>";
		};
		2BA6E3C0287B4663002D4ED6 /* foundation-learn */ = {
			isa = PBXGroup;
			children = (
				2BA6E3C1287B4663002D4ED6 /* Diectionary */,
				2BA6E3C3287B4663002D4ED6 /* Array */,
				2BA6E3C5287B4663002D4ED6 /* Number */,
				2BA6E3C7287B4663002D4ED6 /* Files */,
				2BA6E3C9287B4663002D4ED6 /* String */,
				2BA6E3CB287B4663002D4ED6 /* Set */,
			);
			path = "foundation-learn";
			sourceTree = "<group>";
		};
		2BA6E3C1287B4663002D4ED6 /* Diectionary */ = {
			isa = PBXGroup;
			children = (
				2BA6E3C2287B4663002D4ED6 /* dictionary.m */,
			);
			path = Diectionary;
			sourceTree = "<group>";
		};
		2BA6E3C3287B4663002D4ED6 /* Array */ = {
			isa = PBXGroup;
			children = (
				2BA6E3C4287B4663002D4ED6 /* array.m */,
			);
			path = Array;
			sourceTree = "<group>";
		};
		2BA6E3C5287B4663002D4ED6 /* Number */ = {
			isa = PBXGroup;
			children = (
				2BA6E3C6287B4663002D4ED6 /* number.m */,
			);
			path = Number;
			sourceTree = "<group>";
		};
		2BA6E3C7287B4663002D4ED6 /* Files */ = {
			isa = PBXGroup;
			children = (
				2BA6E3C8287B4663002D4ED6 /* files.m */,
			);
			path = Files;
			sourceTree = "<group>";
		};
		2BA6E3C9287B4663002D4ED6 /* String */ = {
			isa = PBXGroup;
			children = (
				2BA6E3CA287B4663002D4ED6 /* string.m */,
			);
			path = String;
			sourceTree = "<group>";
		};
		2BA6E3CB287B4663002D4ED6 /* Set */ = {
			isa = PBXGroup;
			children = (
				2BA6E3CC287B4663002D4ED6 /* set.m */,
			);
			path = Set;
			sourceTree = "<group>";
		};
		2BA6E3CD287B4663002D4ED6 /* class-learn */ = {
			isa = PBXGroup;
			children = (
				2BA0794828815B2300432B8A /* GenericNode(generic) */,
				2BA6E3CE287B4663002D4ED6 /* CopyNode(protocol) */,
				2BA6E3D7287B4664002D4ED6 /* IntNode(inheritance) */,
				2BA6E3DE287B4664002D4ED6 /* TreeNode(categroies) */,
				2BA6E3E5287B4664002D4ED6 /* Node(class) */,
			);
			path = "class-learn";
			sourceTree = "<group>";
		};
		2BA6E3CE287B4663002D4ED6 /* CopyNode(protocol) */ = {
			isa = PBXGroup;
			children = (
				2BA6E3CF287B4663002D4ED6 /* copy-main.m */,
				2BA6E3D0287B4664002D4ED6 /* lib */,
			);
			path = "CopyNode(protocol)";
			sourceTree = "<group>";
		};
		2BA6E3D0287B4664002D4ED6 /* lib */ = {
			isa = PBXGroup;
			children = (
				2BA6E3D1287B4664002D4ED6 /* Copying.h */,
				2BA6E3D2287B4664002D4ED6 /* CopyNode.m */,
				2BA6E3D3287B4664002D4ED6 /* Node.h */,
				2BA6E3D4287B4664002D4ED6 /* Node.m */,
				2BA6E3D5287B4664002D4ED6 /* CopyNode.h */,
				2BA6E3D6287B4664002D4ED6 /* ExCopy.h */,
			);
			path = lib;
			sourceTree = "<group>";
		};
		2BA6E3D7287B4664002D4ED6 /* IntNode(inheritance) */ = {
			isa = PBXGroup;
			children = (
				2BA6E3D8287B4664002D4ED6 /* lib */,
				2BA6E3DD287B4664002D4ED6 /* int-main.m */,
			);
			path = "IntNode(inheritance)";
			sourceTree = "<group>";
		};
		2BA6E3D8287B4664002D4ED6 /* lib */ = {
			isa = PBXGroup;
			children = (
				2BA6E3D9287B4664002D4ED6 /* IntNode.m */,
				2BA6E3DA287B4664002D4ED6 /* Node.h */,
				2BA6E3DB287B4664002D4ED6 /* IntNode.h */,
				2BA6E3DC287B4664002D4ED6 /* Node.m */,
			);
			path = lib;
			sourceTree = "<group>";
		};
		2BA6E3DE287B4664002D4ED6 /* TreeNode(categroies) */ = {
			isa = PBXGroup;
			children = (
				2BA6E3DF287B4664002D4ED6 /* tree-main.m */,
				2BA6E3E0287B4664002D4ED6 /* lib */,
			);
			path = "TreeNode(categroies)";
			sourceTree = "<group>";
		};
		2BA6E3E0287B4664002D4ED6 /* lib */ = {
			isa = PBXGroup;
			children = (
				2BA6E3E1287B4664002D4ED6 /* TreeNode.m */,
				2BA6E3E2287B4664002D4ED6 /* Node.h */,
				2BA6E3E3287B4664002D4ED6 /* TreeNode.h */,
				2BA6E3E4287B4664002D4ED6 /* Node.m */,
			);
			path = lib;
			sourceTree = "<group>";
		};
		2BA6E3E5287B4664002D4ED6 /* Node(class) */ = {
			isa = PBXGroup;
			children = (
				2BA6E3E6287B4664002D4ED6 /* node-main.m */,
				2BA6E3E7287B4664002D4ED6 /* lib */,
			);
			path = "Node(class)";
			sourceTree = "<group>";
		};
		2BA6E3E7287B4664002D4ED6 /* lib */ = {
			isa = PBXGroup;
			children = (
				2BA6E3E8287B4664002D4ED6 /* Node.h */,
				2BA6E3E9287B4664002D4ED6 /* Node.m */,
			);
			path = lib;
			sourceTree = "<group>";
		};
/* End PBXGroup section */

/* Begin PBXNativeTarget section */
		2BA6E3A4287B433A002D4ED6 /* oc-learn */ = {
			isa = PBXNativeTarget;
			buildConfigurationList = 2BA6E3AC287B433A002D4ED6 /* Build configuration list for PBXNativeTarget "oc-learn" */;
			buildPhases = (
				2BA6E3A1287B433A002D4ED6 /* Sources */,
				2BA6E3A2287B433A002D4ED6 /* Frameworks */,
				2BA6E3A3287B433A002D4ED6 /* CopyFiles */,
			);
			buildRules = (
			);
			dependencies = (
			);
			name = "oc-learn";
			productName = "oc-learn";
			productReference = 2BA6E3A5287B433A002D4ED6 /* oc-learn */;
			productType = "com.apple.product-type.tool";
		};
/* End PBXNativeTarget section */

/* Begin PBXProject section */
		2BA6E39D287B433A002D4ED6 /* Project object */ = {
			isa = PBXProject;
			attributes = {
				BuildIndependentTargetsInParallel = 1;
				LastUpgradeCheck = 1340;
				TargetAttributes = {
					2BA6E3A4287B433A002D4ED6 = {
						CreatedOnToolsVersion = 13.4.1;
					};
				};
			};
			buildConfigurationList = 2BA6E3A0287B433A002D4ED6 /* Build configuration list for PBXProject "oc-learn" */;
			compatibilityVersion = "Xcode 13.0";
			developmentRegion = en;
			hasScannedForEncodings = 0;
			knownRegions = (
				en,
				Base,
			);
			mainGroup = 2BA6E39C287B433A002D4ED6;
			productRefGroup = 2BA6E3A6287B433A002D4ED6 /* Products */;
			projectDirPath = "";
			projectRoot = "";
			targets = (
				2BA6E3A4287B433A002D4ED6 /* oc-learn */,
			);
		};
/* End PBXProject section */

/* Begin PBXSourcesBuildPhase section */
		2BA6E3A1287B433A002D4ED6 /* Sources */ = {
			isa = PBXSourcesBuildPhase;
			buildActionMask = 2147483647;
			files = (
				2BA0794E28815BD000432B8A /* GenericNodeMain.m in Sources */,
				2BA0794B28815B4900432B8A /* GenericNode.m in Sources */,
			);
			runOnlyForDeploymentPostprocessing = 0;
		};
/* End PBXSourcesBuildPhase section */

/* Begin XCBuildConfiguration section */
		2BA6E3AA287B433A002D4ED6 /* Debug */ = {
			isa = XCBuildConfiguration;
			buildSettings = {
				ALWAYS_SEARCH_USER_PATHS = NO;
				CLANG_ANALYZER_NONNULL = YES;
				CLANG_ANALYZER_NUMBER_OBJECT_CONVERSION = YES_AGGRESSIVE;
				CLANG_CXX_LANGUAGE_STANDARD = "gnu++17";
				CLANG_ENABLE_MODULES = YES;
				CLANG_ENABLE_OBJC_ARC = YES;
				CLANG_ENABLE_OBJC_WEAK = YES;
				CLANG_WARN_BLOCK_CAPTURE_AUTORELEASING = YES;
				CLANG_WARN_BOOL_CONVERSION = YES;
				CLANG_WARN_COMMA = YES;
				CLANG_WARN_CONSTANT_CONVERSION = YES;
				CLANG_WARN_DEPRECATED_OBJC_IMPLEMENTATIONS = YES;
				CLANG_WARN_DIRECT_OBJC_ISA_USAGE = YES_ERROR;
				CLANG_WARN_DOCUMENTATION_COMMENTS = YES;
				CLANG_WARN_EMPTY_BODY = YES;
				CLANG_WARN_ENUM_CONVERSION = YES;
				CLANG_WARN_INFINITE_RECURSION = YES;
				CLANG_WARN_INT_CONVERSION = YES;
				CLANG_WARN_NON_LITERAL_NULL_CONVERSION = YES;
				CLANG_WARN_OBJC_IMPLICIT_RETAIN_SELF = YES;
				CLANG_WARN_OBJC_LITERAL_CONVERSION = YES;
				CLANG_WARN_OBJC_ROOT_CLASS = YES_ERROR;
				CLANG_WARN_QUOTED_INCLUDE_IN_FRAMEWORK_HEADER = YES;
				CLANG_WARN_RANGE_LOOP_ANALYSIS = YES;
				CLANG_WARN_STRICT_PROTOTYPES = YES;
				CLANG_WARN_SUSPICIOUS_MOVE = YES;
				CLANG_WARN_UNGUARDED_AVAILABILITY = YES_AGGRESSIVE;
				CLANG_WARN_UNREACHABLE_CODE = YES;
				CLANG_WARN__DUPLICATE_METHOD_MATCH = YES;
				COPY_PHASE_STRIP = NO;
				DEBUG_INFORMATION_FORMAT = dwarf;
				ENABLE_STRICT_OBJC_MSGSEND = YES;
				ENABLE_TESTABILITY = YES;
				GCC_C_LANGUAGE_STANDARD = gnu11;
				GCC_DYNAMIC_NO_PIC = NO;
				GCC_NO_COMMON_BLOCKS = YES;
				GCC_OPTIMIZATION_LEVEL = 0;
				GCC_PREPROCESSOR_DEFINITIONS = (
					"DEBUG=1",
					"$(inherited)",
				);
				GCC_WARN_64_TO_32_BIT_CONVERSION = YES;
				GCC_WARN_ABOUT_RETURN_TYPE = YES_ERROR;
				GCC_WARN_UNDECLARED_SELECTOR = YES;
				GCC_WARN_UNINITIALIZED_AUTOS = YES_AGGRESSIVE;
				GCC_WARN_UNUSED_FUNCTION = YES;
				GCC_WARN_UNUSED_VARIABLE = YES;
				MACOSX_DEPLOYMENT_TARGET = 12.3;
				MTL_ENABLE_DEBUG_INFO = INCLUDE_SOURCE;
				MTL_FAST_MATH = YES;
				ONLY_ACTIVE_ARCH = YES;
				SDKROOT = macosx;
			};
			name = Debug;
		};
		2BA6E3AB287B433A002D4ED6 /* Release */ = {
			isa = XCBuildConfiguration;
			buildSettings = {
				ALWAYS_SEARCH_USER_PATHS = NO;
				CLANG_ANALYZER_NONNULL = YES;
				CLANG_ANALYZER_NUMBER_OBJECT_CONVERSION = YES_AGGRESSIVE;
				CLANG_CXX_LANGUAGE_STANDARD = "gnu++17";
				CLANG_ENABLE_MODULES = YES;
				CLANG_ENABLE_OBJC_ARC = YES;
				CLANG_ENABLE_OBJC_WEAK = YES;
				CLANG_WARN_BLOCK_CAPTURE_AUTORELEASING = YES;
				CLANG_WARN_BOOL_CONVERSION = YES;
				CLANG_WARN_COMMA = YES;
				CLANG_WARN_CONSTANT_CONVERSION = YES;
				CLANG_WARN_DEPRECATED_OBJC_IMPLEMENTATIONS = YES;
				CLANG_WARN_DIRECT_OBJC_ISA_USAGE = YES_ERROR;
				CLANG_WARN_DOCUMENTATION_COMMENTS = YES;
				CLANG_WARN_EMPTY_BODY = YES;
				CLANG_WARN_ENUM_CONVERSION = YES;
				CLANG_WARN_INFINITE_RECURSION = YES;
				CLANG_WARN_INT_CONVERSION = YES;
				CLANG_WARN_NON_LITERAL_NULL_CONVERSION = YES;
				CLANG_WARN_OBJC_IMPLICIT_RETAIN_SELF = YES;
				CLANG_WARN_OBJC_LITERAL_CONVERSION = YES;
				CLANG_WARN_OBJC_ROOT_CLASS = YES_ERROR;
				CLANG_WARN_QUOTED_INCLUDE_IN_FRAMEWORK_HEADER = YES;
				CLANG_WARN_RANGE_LOOP_ANALYSIS = YES;
				CLANG_WARN_STRICT_PROTOTYPES = YES;
				CLANG_WARN_SUSPICIOUS_MOVE = YES;
				CLANG_WARN_UNGUARDED_AVAILABILITY = YES_AGGRESSIVE;
				CLANG_WARN_UNREACHABLE_CODE = YES;
				CLANG_WARN__DUPLICATE_METHOD_MATCH = YES;
				COPY_PHASE_STRIP = NO;
				DEBUG_INFORMATION_FORMAT = "dwarf-with-dsym";
				ENABLE_NS_ASSERTIONS = NO;
				ENABLE_STRICT_OBJC_MSGSEND = YES;
				GCC_C_LANGUAGE_STANDARD = gnu11;
				GCC_NO_COMMON_BLOCKS = YES;
				GCC_WARN_64_TO_32_BIT_CONVERSION = YES;
				GCC_WARN_ABOUT_RETURN_TYPE = YES_ERROR;
				GCC_WARN_UNDECLARED_SELECTOR = YES;
				GCC_WARN_UNINITIALIZED_AUTOS = YES_AGGRESSIVE;
				GCC_WARN_UNUSED_FUNCTION = YES;
				GCC_WARN_UNUSED_VARIABLE = YES;
				MACOSX_DEPLOYMENT_TARGET = 12.3;
				MTL_ENABLE_DEBUG_INFO = NO;
				MTL_FAST_MATH = YES;
				SDKROOT = macosx;
			};
			name = Release;
		};
		2BA6E3AD287B433A002D4ED6 /* Debug */ = {
			isa = XCBuildConfiguration;
			buildSettings = {
				CODE_SIGN_STYLE = Automatic;
				PRODUCT_NAME = "$(TARGET_NAME)";
			};
			name = Debug;
		};
		2BA6E3AE287B433A002D4ED6 /* Release */ = {
			isa = XCBuildConfiguration;
			buildSettings = {
				CODE_SIGN_STYLE = Automatic;
				PRODUCT_NAME = "$(TARGET_NAME)";
			};
			name = Release;
		};
/* End XCBuildConfiguration section */

/* Begin XCConfigurationList section */
		2BA6E3A0287B433A002D4ED6 /* Build configuration list for PBXProject "oc-learn" */ = {
			isa = XCConfigurationList;
			buildConfigurations = (
				2BA6E3AA287B433A002D4ED6 /* Debug */,
				2BA6E3AB287B433A002D4ED6 /* Release */,
			);
			defaultConfigurationIsVisible = 0;
			defaultConfigurationName = Release;
		};
		2BA6E3AC287B433A002D4ED6 /* Build configuration list for PBXNativeTarget "oc-learn" */ = {
			isa = XCConfigurationList;
			buildConfigurations = (
				2BA6E3AD287B433A002D4ED6 /* Debug */,
				2BA6E3AE287B433A002D4ED6 /* Release */,
			);
			defaultConfigurationIsVisible = 0;
			defaultConfigurationName = Release;
		};
/* End XCConfigurationList section */
	};
	rootObject = 2BA6E39D287B433A002D4ED6 /* Project object */;
}
